
Microsoft Visual Studio Solution File, Format Version 12.00
# Visual Studio 15
Project("{FAE04EC0-301F-11D3-BF4B-00C04F79EFBC}") = "Facebonk", "Facebonk.csproj", "{4E8EB2B2-512B-4D82-A2E7-561445FF8FBC}"
EndProject
Global
	GlobalSection(SolutionConfigurationPlatforms) = preSolution
		Debug|Any CPU = Debug|Any CPU
		Release|Any CPU = Release|Any CPU
	EndGlobalSection
	GlobalSection(ProjectConfigurationPlatforms) = postSolution
		{4E8EB2B2-512B-4D82-A2E7-561445FF8FBC}.Debug|Any CPU.ActiveCfg = Debug|Any CPU
		{4E8EB2B2-512B-4D82-A2E7-561445FF8FBC}.Debug|Any CPU.Build.0 = Debug|Any CPU
		{4E8EB2B2-512B-4D82-A2E7-561445FF8FBC}.Release|Any CPU.ActiveCfg = Release|Any CPU
		{4E8EB2B2-512B-4D82-A2E7-561445FF8FBC}.Release|Any CPU.Build.0 = Release|Any CPU
	EndGlobalSection
EndGlobal
